
Microsoft Visual Studio Solution File, Format Version 12.00
# Visual Studio Version 17
VisualStudioVersion = 17.3.32929.385
MinimumVisualStudioVersion = 10.0.40219.1
Project("{FAE04EC0-301F-11D3-BF4B-00C04F79EFBC}") = "ProjetoTeste", "ProjetoTeste.csproj", "{0E2A20A7-4A4F-451D-8C6F-5B541E6A8D4D}"
EndProject
Global
	GlobalSection(SolutionConfigurationPlatforms) = preSolution
		Debug|Any CPU = Debug|Any CPU
		Release|Any CPU = Release|Any CPU
	EndGlobalSection
	GlobalSection(ProjectConfigurationPlatforms) = postSolution
		{0E2A20A7-4A4F-451D-8C6F-5B541E6A8D4D}.Debug|Any CPU.ActiveCfg = Debug|Any CPU
		{0E2A20A7-4A4F-451D-8C6F-5B541E6A8D4D}.Debug|Any CPU.Build.0 = Debug|Any CPU
		{0E2A20A7-4A4F-451D-8C6F-5B541E6A8D4D}.Release|Any CPU.ActiveCfg = Release|Any CPU
		{0E2A20A7-4A4F-451D-8C6F-5B541E6A8D4D}.Release|Any CPU.Build.0 = Release|Any CPU
	EndGlobalSection
	GlobalSection(SolutionProperties) = preSolution
		HideSolutionNode = FALSE
	EndGlobalSection
	GlobalSection(ExtensibilityGlobals) = postSolution
		SolutionGuid = {86DE7CEF-F2B7-4625-9355-6E913E0642FA}
	EndGlobalSection
EndGlobal
